// !$*UTF8*$!
{
	archiveVersion = 1;
	classes = {
	};
	objectVersion = 50;
	objects = {

/* Begin PBXBuildFile section */
		56D3167923FB51B400D222C4 /* AppDelegate.swift in Sources */ = {isa = PBXBuildFile; fileRef = 56D3167823FB51B400D222C4 /* AppDelegate.swift */; };
		56D3167B23FB51B400D222C4 /* SceneDelegate.swift in Sources */ = {isa = PBXBuildFile; fileRef = 56D3167A23FB51B400D222C4 /* SceneDelegate.swift */; };
		56D3167D23FB51B400D222C4 /* ViewController.swift in Sources */ = {isa = PBXBuildFile; fileRef = 56D3167C23FB51B400D222C4 /* ViewController.swift */; };
		56D3168023FB51B400D222C4 /* Main.storyboard in Resources */ = {isa = PBXBuildFile; fileRef = 56D3167E23FB51B400D222C4 /* Main.storyboard */; };
		56D3168223FB51B900D222C4 /* Assets.xcassets in Resources */ = {isa = PBXBuildFile; fileRef = 56D3168123FB51B900D222C4 /* Assets.xcassets */; };
		56D3168523FB51B900D222C4 /* LaunchScreen.storyboard in Resources */ = {isa = PBXBuildFile; fileRef = 56D3168323FB51B900D222C4 /* LaunchScreen.storyboard */; };
/* End PBXBuildFile section */

/* Begin PBXFileReference section */
		56D3167523FB51B400D222C4 /* PM2_storyboardCalculadora.app */ = {isa = PBXFileReference; explicitFileType = wrapper.application; includeInIndex = 0; path = PM2_storyboardCalculadora.app; sourceTree = BUILT_PRODUCTS_DIR; };
		56D3167823FB51B400D222C4 /* AppDelegate.swift */ = {isa = PBXFileReference; lastKnownFileType = sourcecode.swift; path = AppDelegate.swift; sourceTree = "<group>"; };
		56D3167A23FB51B400D222C4 /* SceneDelegate.swift */ = {isa = PBXFileReference; lastKnownFileType = sourcecode.swift; path = SceneDelegate.swift; sourceTree = "<group>"; };
		56D3167C23FB51B400D222C4 /* ViewController.swift */ = {isa = PBXFileReference; lastKnownFileType = sourcecode.swift; path = ViewController.swift; sourceTree = "<group>"; };
		56D3167F23FB51B400D222C4 /* Base */ = {isa = PBXFileReference; lastKnownFileType = file.storyboard; name = Base; path = Base.lproj/Main.storyboard; sourceTree = "<group>"; };
		56D3168123FB51B900D222C4 /* Assets.xcassets */ = {isa = PBXFileReference; lastKnownFileType = folder.assetcatalog; path = Assets.xcassets; sourceTree = "<group>"; };
		56D3168423FB51B900D222C4 /* Base */ = {isa = PBXFileReference; lastKnownFileType = file.storyboard; name = Base; path = Base.lproj/LaunchScreen.storyboard; sourceTree = "<group>"; };
		56D3168623FB51B900D222C4 /* Info.plist */ = {isa = PBXFileReference; lastKnownFileType = text.plist.xml; path = Info.plist; sourceTree = "<group>"; };
/* End PBXFileReference section */

/* Begin PBXFrameworksBuildPhase section */
		56D3167223FB51B300D222C4 /* Frameworks */ = {
			isa = PBXFrameworksBuildPhase;
			buildActionMask = 2147483647;
			files = (
			);
			runOnlyForDeploymentPostprocessing = 0;
		};
/* End PBXFrameworksBuildPhase section */

/* Begin PBXGroup section */
		56D3166C23FB51B300D222C4 = {
			isa = PBXGroup;
			children = (
				56D3167723FB51B400D222C4 /* PM2_storyboardCalculadora */,
				56D3167623FB51B400D222C4 /* Products */,
			);
			sourceTree = "<group>";
		};
		56D3167623FB51B400D222C4 /* Products */ = {
			isa = PBXGroup;
			children = (
				56D3167523FB51B400D222C4 /* PM2_storyboardCalculadora.app */,
			);
			name = Products;
			sourceTree = "<group>";
		};
		56D3167723FB51B400D222C4 /* PM2_storyboardCalculadora */ = {
			isa = PBXGroup;
			children = (
				56D3167823FB51B400D222C4 /* AppDelegate.swift */,
				56D3167A23FB51B400D222C4 /* SceneDelegate.swift */,
				56D3167C23FB51B400D222C4 /* ViewController.swift */,
				56D3167E23FB51B400D222C4 /* Main.storyboard */,
				56D3168123FB51B900D222C4 /* Assets.xcassets */,
				56D3168323FB51B900D222C4 /* LaunchScreen.storyboard */,
				56D3168623FB51B900D222C4 /* Info.plist */,
			);
			path = PM2_storyboardCalculadora;
			sourceTree = "<group>";
		};
/* End PBXGroup section */

/* Begin PBXNativeTarget section */
		56D3167423FB51B300D222C4 /* PM2_storyboardCalculadora */ = {
			isa = PBXNativeTarget;
			buildConfigurationList = 56D3168923FB51B900D222C4 /* Build configuration list for PBXNativeTarget "PM2_storyboardCalculadora" */;
			buildPhases = (
				56D3167123FB51B300D222C4 /* Sources */,
				56D3167223FB51B300D222C4 /* Frameworks */,
				56D3167323FB51B300D222C4 /* Resources */,
			);
			buildRules = (
			);
			dependencies = (
			);
			name = PM2_storyboardCalculadora;
			productName = PM2_storyboardCalculadora;
			productReference = 56D3167523FB51B400D222C4 /* PM2_storyboardCalculadora.app */;
			productType = "com.apple.product-type.application";
		};
/* End PBXNativeTarget section */

/* Begin PBXProject section */
		56D3166D23FB51B300D222C4 /* Project object */ = {
			isa = PBXProject;
			attributes = {
				LastSwiftUpdateCheck = 1130;
				LastUpgradeCheck = 1130;
				ORGANIZATIONNAME = Gerardo;
				TargetAttributes = {
					56D3167423FB51B300D222C4 = {
						CreatedOnToolsVersion = 11.3.1;
					};
				};
			};
			buildConfigurationList = 56D3167023FB51B300D222C4 /* Build configuration list for PBXProject "PM2_storyboardCalculadora" */;
			compatibilityVersion = "Xcode 9.3";
			developmentRegion = en;
			hasScannedForEncodings = 0;
			knownRegions = (
				en,
				Base,
			);
			mainGroup = 56D3166C23FB51B300D222C4;
			productRefGroup = 56D3167623FB51B400D222C4 /* Products */;
			projectDirPath = "";
			projectRoot = "";
			targets = (
				56D3167423FB51B300D222C4 /* PM2_storyboardCalculadora */,
			);
		};
/* End PBXProject section */

/* Begin PBXResourcesBuildPhase section */
		56D3167323FB51B300D222C4 /* Resources */ = {
			isa = PBXResourcesBuildPhase;
			buildActionMask = 2147483647;
			files = (
				56D3168523FB51B900D222C4 /* LaunchScreen.storyboard in Resources */,
				56D3168223FB51B900D222C4 /* Assets.xcassets in Resources */,
				56D3168023FB51B400D222C4 /* Main.storyboard in Resources */,
			);
			runOnlyForDeploymentPostprocessing = 0;
		};
/* End PBXResourcesBuildPhase section */

/* Begin PBXSourcesBuildPhase section */
		56D3167123FB51B300D222C4 /* Sources */ = {
			isa = PBXSourcesBuildPhase;
			buildActionMask = 2147483647;
			files = (
				56D3167D23FB51B400D222C4 /* ViewController.swift in Sources */,
				56D3167923FB51B400D222C4 /* AppDelegate.swift in Sources */,
				56D3167B23FB51B400D222C4 /* SceneDelegate.swift in Sources */,
			);
			runOnlyForDeploymentPostprocessing = 0;
		};
/* End PBXSourcesBuildPhase section */

/* Begin PBXVariantGroup section */
		56D3167E23FB51B400D222C4 /* Main.storyboard */ = {
			isa = PBXVariantGroup;
			children = (
				56D3167F23FB51B400D222C4 /* Base */,
			);
			name = Main.storyboard;
			sourceTree = "<group>";
		};
		56D3168323FB51B900D222C4 /* LaunchScreen.storyboard */ = {
			isa = PBXVariantGroup;
			children = (
				56D3168423FB51B900D222C4 /* Base */,
			);
			name = LaunchScreen.storyboard;
			sourceTree = "<group>";
		};
/* End PBXVariantGroup section */

/* Begin XCBuildConfiguration section */
		56D3168723FB51B900D222C4 /* Debug */ = {
			isa = XCBuildConfiguration;
			buildSettings = {
				ALWAYS_SEARCH_USER_PATHS = NO;
				CLANG_ANALYZER_NONNULL = YES;
				CLANG_ANALYZER_NUMBER_OBJECT_CONVERSION = YES_AGGRESSIVE;
				CLANG_CXX_LANGUAGE_STANDARD = "gnu++14";
				CLANG_CXX_LIBRARY = "libc++";
				CLANG_ENABLE_MODULES = YES;
				CLANG_ENABLE_OBJC_ARC = YES;
				CLANG_ENABLE_OBJC_WEAK = YES;
				CLANG_WARN_BLOCK_CAPTURE_AUTORELEASING = YES;
				CLANG_WARN_BOOL_CONVERSION = YES;
				CLANG_WARN_COMMA = YES;
				CLANG_WARN_CONSTANT_CONVERSION = YES;
				CLANG_WARN_DEPRECATED_OBJC_IMPLEMENTATIONS = YES;
				CLANG_WARN_DIRECT_OBJC_ISA_USAGE = YES_ERROR;
				CLANG_WARN_DOCUMENTATION_COMMENTS = YES;
				CLANG_WARN_EMPTY_BODY = YES;
				CLANG_WARN_ENUM_CONVERSION = YES;
				CLANG_WARN_INFINITE_RECURSION = YES;
				CLANG_WARN_INT_CONVERSION = YES;
				CLANG_WARN_NON_LITERAL_NULL_CONVERSION = YES;
				CLANG_WARN_OBJC_IMPLICIT_RETAIN_SELF = YES;
				CLANG_WARN_OBJC_LITERAL_CONVERSION = YES;
				CLANG_WARN_OBJC_ROOT_CLASS = YES_ERROR;
				CLANG_WARN_RANGE_LOOP_ANALYSIS = YES;
				CLANG_WARN_STRICT_PROTOTYPES = YES;
				CLANG_WARN_SUSPICIOUS_MOVE = YES;
				CLANG_WARN_UNGUARDED_AVAILABILITY = YES_AGGRESSIVE;
				CLANG_WARN_UNREACHABLE_CODE = YES;
				CLANG_WARN__DUPLICATE_METHOD_MATCH = YES;
				COPY_PHASE_STRIP = NO;
				DEBUG_INFORMATION_FORMAT = dwarf;
				ENABLE_STRICT_OBJC_MSGSEND = YES;
				ENABLE_TESTABILITY = YES;
				GCC_C_LANGUAGE_STANDARD = gnu11;
				GCC_DYNAMIC_NO_PIC = NO;
				GCC_NO_COMMON_BLOCKS = YES;
				GCC_OPTIMIZATION_LEVEL = 0;
				GCC_PREPROCESSOR_DEFINITIONS = (
					"DEBUG=1",
					"$(inherited)",
				);
				GCC_WARN_64_TO_32_BIT_CONVERSION = YES;
				GCC_WARN_ABOUT_RETURN_TYPE = YES_ERROR;
				GCC_WARN_UNDECLARED_SELECTOR = YES;
				GCC_WARN_UNINITIALIZED_AUTOS = YES_AGGRESSIVE;
				GCC_WARN_UNUSED_FUNCTION = YES;
				GCC_WARN_UNUSED_VARIABLE = YES;
				IPHONEOS_DEPLOYMENT_TARGET = 13.2;
				MTL_ENABLE_DEBUG_INFO = INCLUDE_SOURCE;
				MTL_FAST_MATH = YES;
				ONLY_ACTIVE_ARCH = YES;
				SDKROOT = iphoneos;
				SWIFT_ACTIVE_COMPILATION_CONDITIONS = DEBUG;
				SWIFT_OPTIMIZATION_LEVEL = "-Onone";
			};
			name = Debug;
		};
		56D3168823FB51B900D222C4 /* Release */ = {
			isa = XCBuildConfiguration;
			buildSettings = {
				ALWAYS_SEARCH_USER_PATHS = NO;
				CLANG_ANALYZER_NONNULL = YES;
				CLANG_ANALYZER_NUMBER_OBJECT_CONVERSION = YES_AGGRESSIVE;
				CLANG_CXX_LANGUAGE_STANDARD = "gnu++14";
				CLANG_CXX_LIBRARY = "libc++";
				CLANG_ENABLE_MODULES = YES;
				CLANG_ENABLE_OBJC_ARC = YES;
				CLANG_ENABLE_OBJC_WEAK = YES;
				CLANG_WARN_BLOCK_CAPTURE_AUTORELEASING = YES;
				CLANG_WARN_BOOL_CONVERSION = YES;
				CLANG_WARN_COMMA = YES;
				CLANG_WARN_CONSTANT_CONVERSION = YES;
				CLANG_WARN_DEPRECATED_OBJC_IMPLEMENTATIONS = YES;
				CLANG_WARN_DIRECT_OBJC_ISA_USAGE = YES_ERROR;
				CLANG_WARN_DOCUMENTATION_COMMENTS = YES;
				CLANG_WARN_EMPTY_BODY = YES;
				CLANG_WARN_ENUM_CONVERSION = YES;
				CLANG_WARN_INFINITE_RECURSION = YES;
				CLANG_WARN_INT_CONVERSION = YES;
				CLANG_WARN_NON_LITERAL_NULL_CONVERSION = YES;
				CLANG_WARN_OBJC_IMPLICIT_RETAIN_SELF = YES;
				CLANG_WARN_OBJC_LITERAL_CONVERSION = YES;
				CLANG_WARN_OBJC_ROOT_CLASS = YES_ERROR;
				CLANG_WARN_RANGE_LOOP_ANALYSIS = YES;
				CLANG_WARN_STRICT_PROTOTYPES = YES;
				CLANG_WARN_SUSPICIOUS_MOVE = YES;
				CLANG_WARN_UNGUARDED_AVAILABILITY = YES_AGGRESSIVE;
				CLANG_WARN_UNREACHABLE_CODE = YES;
				CLANG_WARN__DUPLICATE_METHOD_MATCH = YES;
				COPY_PHASE_STRIP = NO;
				DEBUG_INFORMATION_FORMAT = "dwarf-with-dsym";
				ENABLE_NS_ASSERTIONS = NO;
				ENABLE_STRICT_OBJC_MSGSEND = YES;
				GCC_C_LANGUAGE_STANDARD = gnu11;
				GCC_NO_COMMON_BLOCKS = YES;
				GCC_WARN_64_TO_32_BIT_CONVERSION = YES;
				GCC_WARN_ABOUT_RETURN_TYPE = YES_ERROR;
				GCC_WARN_UNDECLARED_SELECTOR = YES;
				GCC_WARN_UNINITIALIZED_AUTOS = YES_AGGRESSIVE;
				GCC_WARN_UNUSED_FUNCTION = YES;
				GCC_WARN_UNUSED_VARIABLE = YES;
				IPHONEOS_DEPLOYMENT_TARGET = 13.2;
				MTL_ENABLE_DEBUG_INFO = NO;
				MTL_FAST_MATH = YES;
				SDKROOT = iphoneos;
				SWIFT_COMPILATION_MODE = wholemodule;
				SWIFT_OPTIMIZATION_LEVEL = "-O";
				VALIDATE_PRODUCT = YES;
			};
			name = Release;
		};
		56D3168A23FB51B900D222C4 /* Debug */ = {
			isa = XCBuildConfiguration;
			buildSettings = {
				ASSETCATALOG_COMPILER_APPICON_NAME = AppIcon;
				CODE_SIGN_STYLE = Automatic;
				INFOPLIST_FILE = PM2_storyboardCalculadora/Info.plist;
				LD_RUNPATH_SEARCH_PATHS = (
					"$(inherited)",
					"@executable_path/Frameworks",
				);
				PRODUCT_BUNDLE_IDENTIFIER = "itm.calculadora.PM2-storyboardCalculadora";
				PRODUCT_NAME = "$(TARGET_NAME)";
				SWIFT_VERSION = 5.0;
				TARGETED_DEVICE_FAMILY = "1,2";
			};
			name = Debug;
		};
		56D3168B23FB51B900D222C4 /* Release */ = {
			isa = XCBuildConfiguration;
			buildSettings = {
				ASSETCATALOG_COMPILER_APPICON_NAME = AppIcon;
				CODE_SIGN_STYLE = Automatic;
				INFOPLIST_FILE = PM2_storyboardCalculadora/Info.plist;
				LD_RUNPATH_SEARCH_PATHS = (
					"$(inherited)",
					"@executable_path/Frameworks",
				);
				PRODUCT_BUNDLE_IDENTIFIER = "itm.calculadora.PM2-storyboardCalculadora";
				PRODUCT_NAME = "$(TARGET_NAME)";
				SWIFT_VERSION = 5.0;
				TARGETED_DEVICE_FAMILY = "1,2";
			};
			name = Release;
		};
/* End XCBuildConfiguration section */

/* Begin XCConfigurationList section */
		56D3167023FB51B300D222C4 /* Build configuration list for PBXProject "PM2_storyboardCalculadora" */ = {
			isa = XCConfigurationList;
			buildConfigurations = (
				56D3168723FB51B900D222C4 /* Debug */,
				56D3168823FB51B900D222C4 /* Release */,
			);
			defaultConfigurationIsVisible = 0;
			defaultConfigurationName = Release;
		};
		56D3168923FB51B900D222C4 /* Build configuration list for PBXNativeTarget "PM2_storyboardCalculadora" */ = {
			isa = XCConfigurationList;
			buildConfigurations = (
				56D3168A23FB51B900D222C4 /* Debug */,
				56D3168B23FB51B900D222C4 /* Release */,
			);
			defaultConfigurationIsVisible = 0;
			defaultConfigurationName = Release;
		};
/* End XCConfigurationList section */
	};
	rootObject = 56D3166D23FB51B300D222C4 /* Project object */;
}
